
Microsoft Visual Studio Solution File, Format Version 12.00
# Visual Studio Version 17
VisualStudioVersion = 17.9.34902.65
MinimumVisualStudioVersion = 10.0.40219.1
Project("{FAE04EC0-301F-11D3-BF4B-00C04F79EFBC}") = "WebApplication5", "WebApplication5.csproj", "{14F55B43-2A6A-4F80-ABB2-2BBA9637B216}"
EndProject
Global
	GlobalSection(SolutionConfigurationPlatforms) = preSolution
		Debug|Any CPU = Debug|Any CPU
		Release|Any CPU = Release|Any CPU
	EndGlobalSection
	GlobalSection(ProjectConfigurationPlatforms) = postSolution
		{14F55B43-2A6A-4F80-ABB2-2BBA9637B216}.Debug|Any CPU.ActiveCfg = Debug|Any CPU
		{14F55B43-2A6A-4F80-ABB2-2BBA9637B216}.Debug|Any CPU.Build.0 = Debug|Any CPU
		{14F55B43-2A6A-4F80-ABB2-2BBA9637B216}.Release|Any CPU.ActiveCfg = Release|Any CPU
		{14F55B43-2A6A-4F80-ABB2-2BBA9637B216}.Release|Any CPU.Build.0 = Release|Any CPU
	EndGlobalSection
	GlobalSection(SolutionProperties) = preSolution
		HideSolutionNode = FALSE
	EndGlobalSection
	GlobalSection(ExtensibilityGlobals) = postSolution
		SolutionGuid = {AE1C60FD-8A01-48EB-8463-F65AF3CCF232}
	EndGlobalSection
EndGlobal
